
Microsoft Visual Studio Solution File, Format Version 12.00
# Visual Studio Version 16
VisualStudioVersion = 16.0.32106.194
MinimumVisualStudioVersion = 10.0.40219.1
Project("{FAE04EC0-301F-11D3-BF4B-00C04F79EFBC}") = "Project", "Project\Project.csproj", "{CF0D7C7D-411E-4BFB-8776-5167C7572045}"
EndProject
Global
	GlobalSection(SolutionConfigurationPlatforms) = preSolution
		Debug|Any CPU = Debug|Any CPU
		Release|Any CPU = Release|Any CPU
	EndGlobalSection
	GlobalSection(ProjectConfigurationPlatforms) = postSolution
		{CF0D7C7D-411E-4BFB-8776-5167C7572045}.Debug|Any CPU.ActiveCfg = Debug|Any CPU
		{CF0D7C7D-411E-4BFB-8776-5167C7572045}.Debug|Any CPU.Build.0 = Debug|Any CPU
		{CF0D7C7D-411E-4BFB-8776-5167C7572045}.Release|Any CPU.ActiveCfg = Release|Any CPU
		{CF0D7C7D-411E-4BFB-8776-5167C7572045}.Release|Any CPU.Build.0 = Release|Any CPU
	EndGlobalSection
	GlobalSection(SolutionProperties) = preSolution
		HideSolutionNode = FALSE
	EndGlobalSection
	GlobalSection(ExtensibilityGlobals) = postSolution
		SolutionGuid = {D51183A4-31AD-40EE-B609-ECACE6583CFC}
	EndGlobalSection
EndGlobal
